
Microsoft Visual Studio Solution File, Format Version 12.00
# Visual Studio Version 17
VisualStudioVersion = 17.10.35027.167
MinimumVisualStudioVersion = 10.0.40219.1
Project("{FAE04EC0-301F-11D3-BF4B-00C04F79EFBC}") = "RamazanOzelApp", "RamazanOzelApp\RamazanOzelApp.csproj", "{B2FBA0BA-B85A-429A-BBD4-C7AECA2CEC32}"
EndProject
Global
	GlobalSection(SolutionConfigurationPlatforms) = preSolution
		Debug|Any CPU = Debug|Any CPU
		Release|Any CPU = Release|Any CPU
	EndGlobalSection
	GlobalSection(ProjectConfigurationPlatforms) = postSolution
		{B2FBA0BA-B85A-429A-BBD4-C7AECA2CEC32}.Debug|Any CPU.ActiveCfg = Debug|Any CPU
		{B2FBA0BA-B85A-429A-BBD4-C7AECA2CEC32}.Debug|Any CPU.Build.0 = Debug|Any CPU
		{B2FBA0BA-B85A-429A-BBD4-C7AECA2CEC32}.Release|Any CPU.ActiveCfg = Release|Any CPU
		{B2FBA0BA-B85A-429A-BBD4-C7AECA2CEC32}.Release|Any CPU.Build.0 = Release|Any CPU
	EndGlobalSection
	GlobalSection(SolutionProperties) = preSolution
		HideSolutionNode = FALSE
	EndGlobalSection
	GlobalSection(ExtensibilityGlobals) = postSolution
		SolutionGuid = {65047E7D-CFCE-4AB9-B0B5-F599DC8C7CF0}
	EndGlobalSection
EndGlobal
